
Microsoft Visual Studio Solution File, Format Version 12.00
# Visual Studio Version 17
VisualStudioVersion = 17.0.32112.339
MinimumVisualStudioVersion = 10.0.40219.1
Project("{FAE04EC0-301F-11D3-BF4B-00C04F79EFBC}") = "DataTier", "DataTier\DataTier.csproj", "{C092EEDD-6964-4F6C-9BEC-8E772C1068BA}"
EndProject
Project("{FAE04EC0-301F-11D3-BF4B-00C04F79EFBC}") = "LogicTier", "LogicTier\LogicTier.csproj", "{203F2C61-E4EF-4665-870C-8A8787699296}"
EndProject
Project("{FAE04EC0-301F-11D3-BF4B-00C04F79EFBC}") = "PresentationTier", "PresentationTier\PresentationTier.csproj", "{4DC18645-B682-45D7-9DD0-1862494DBA26}"
EndProject
Global
	GlobalSection(SolutionConfigurationPlatforms) = preSolution
		Debug|Any CPU = Debug|Any CPU
		Release|Any CPU = Release|Any CPU
	EndGlobalSection
	GlobalSection(ProjectConfigurationPlatforms) = postSolution
		{C092EEDD-6964-4F6C-9BEC-8E772C1068BA}.Debug|Any CPU.ActiveCfg = Debug|Any CPU
		{C092EEDD-6964-4F6C-9BEC-8E772C1068BA}.Debug|Any CPU.Build.0 = Debug|Any CPU
		{C092EEDD-6964-4F6C-9BEC-8E772C1068BA}.Release|Any CPU.ActiveCfg = Release|Any CPU
		{C092EEDD-6964-4F6C-9BEC-8E772C1068BA}.Release|Any CPU.Build.0 = Release|Any CPU
		{203F2C61-E4EF-4665-870C-8A8787699296}.Debug|Any CPU.ActiveCfg = Debug|Any CPU
		{203F2C61-E4EF-4665-870C-8A8787699296}.Debug|Any CPU.Build.0 = Debug|Any CPU
		{203F2C61-E4EF-4665-870C-8A8787699296}.Release|Any CPU.ActiveCfg = Release|Any CPU
		{203F2C61-E4EF-4665-870C-8A8787699296}.Release|Any CPU.Build.0 = Release|Any CPU
		{4DC18645-B682-45D7-9DD0-1862494DBA26}.Debug|Any CPU.ActiveCfg = Debug|Any CPU
		{4DC18645-B682-45D7-9DD0-1862494DBA26}.Debug|Any CPU.Build.0 = Debug|Any CPU
		{4DC18645-B682-45D7-9DD0-1862494DBA26}.Release|Any CPU.ActiveCfg = Release|Any CPU
		{4DC18645-B682-45D7-9DD0-1862494DBA26}.Release|Any CPU.Build.0 = Release|Any CPU
	EndGlobalSection
	GlobalSection(SolutionProperties) = preSolution
		HideSolutionNode = FALSE
	EndGlobalSection
	GlobalSection(ExtensibilityGlobals) = postSolution
		SolutionGuid = {E2160F28-12F4-49F5-B0B5-B1AB0EAD24D7}
	EndGlobalSection
EndGlobal
